// !$*UTF8*$!
{
	archiveVersion = 1;
	classes = {
	};
	objectVersion = 56;
	objects = {

/* Begin PBXBuildFile section */
		C80A806D2AE448C80021E2D8 /* VideoView.swift in Sources */ = {isa = PBXBuildFile; fileRef = C80A806C2AE448C80021E2D8 /* VideoView.swift */; };
		C818BEF92AD6225B00A4D559 /* Fitness_ProjectApp.swift in Sources */ = {isa = PBXBuildFile; fileRef = C818BEF82AD6225B00A4D559 /* Fitness_ProjectApp.swift */; };
		C818BEFB2AD6225B00A4D559 /* ContentView.swift in Sources */ = {isa = PBXBuildFile; fileRef = C818BEFA2AD6225B00A4D559 /* ContentView.swift */; };
		C818BEFD2AD6225C00A4D559 /* Assets.xcassets in Resources */ = {isa = PBXBuildFile; fileRef = C818BEFC2AD6225C00A4D559 /* Assets.xcassets */; };
		C818BF002AD6225C00A4D559 /* Preview Assets.xcassets in Resources */ = {isa = PBXBuildFile; fileRef = C818BEFF2AD6225C00A4D559 /* Preview Assets.xcassets */; };
		C81DD0A22AE23F9000FFCC35 /* ViewModel.swift in Sources */ = {isa = PBXBuildFile; fileRef = C81DD0A12AE23F8F00FFCC35 /* ViewModel.swift */; };
		C81DD0A42AE2406500FFCC35 /* ExerciseDetailView.swift in Sources */ = {isa = PBXBuildFile; fileRef = C81DD0A32AE2406500FFCC35 /* ExerciseDetailView.swift */; };
		C84D454A2AD846DD00C4A8E3 /* QuestionView.swift in Sources */ = {isa = PBXBuildFile; fileRef = C84D45492AD846DD00C4A8E3 /* QuestionView.swift */; };
		C84D454E2AD84DB800C4A8E3 /* Question2View.swift in Sources */ = {isa = PBXBuildFile; fileRef = C84D454D2AD84DB800C4A8E3 /* Question2View.swift */; };
		C84D45502AD8557000C4A8E3 /* HomeScreenView.swift in Sources */ = {isa = PBXBuildFile; fileRef = C84D454F2AD8557000C4A8E3 /* HomeScreenView.swift */; };
		C8E022D22AD74EBB00E1E743 /* newSwiftUIView.swift in Sources */ = {isa = PBXBuildFile; fileRef = C8E022D12AD74EBB00E1E743 /* newSwiftUIView.swift */; };
		C8E022D42AD7B50400E1E743 /* SignUp_View.swift in Sources */ = {isa = PBXBuildFile; fileRef = C8E022D32AD7B50400E1E743 /* SignUp_View.swift */; };
/* End PBXBuildFile section */

/* Begin PBXFileReference section */
		C80A806C2AE448C80021E2D8 /* VideoView.swift */ = {isa = PBXFileReference; lastKnownFileType = sourcecode.swift; path = VideoView.swift; sourceTree = "<group>"; };
		C818BEF52AD6225B00A4D559 /* Fitness Project.app */ = {isa = PBXFileReference; explicitFileType = wrapper.application; includeInIndex = 0; path = "Fitness Project.app"; sourceTree = BUILT_PRODUCTS_DIR; };
		C818BEF82AD6225B00A4D559 /* Fitness_ProjectApp.swift */ = {isa = PBXFileReference; lastKnownFileType = sourcecode.swift; path = Fitness_ProjectApp.swift; sourceTree = "<group>"; };
		C818BEFA2AD6225B00A4D559 /* ContentView.swift */ = {isa = PBXFileReference; lastKnownFileType = sourcecode.swift; path = ContentView.swift; sourceTree = "<group>"; };
		C818BEFC2AD6225C00A4D559 /* Assets.xcassets */ = {isa = PBXFileReference; lastKnownFileType = folder.assetcatalog; path = Assets.xcassets; sourceTree = "<group>"; };
		C818BEFF2AD6225C00A4D559 /* Preview Assets.xcassets */ = {isa = PBXFileReference; lastKnownFileType = folder.assetcatalog; path = "Preview Assets.xcassets"; sourceTree = "<group>"; };
		C81DD0A12AE23F8F00FFCC35 /* ViewModel.swift */ = {isa = PBXFileReference; lastKnownFileType = sourcecode.swift; path = ViewModel.swift; sourceTree = "<group>"; };
		C81DD0A32AE2406500FFCC35 /* ExerciseDetailView.swift */ = {isa = PBXFileReference; lastKnownFileType = sourcecode.swift; path = ExerciseDetailView.swift; sourceTree = "<group>"; };
		C84D45492AD846DD00C4A8E3 /* QuestionView.swift */ = {isa = PBXFileReference; lastKnownFileType = sourcecode.swift; path = QuestionView.swift; sourceTree = "<group>"; };
		C84D454D2AD84DB800C4A8E3 /* Question2View.swift */ = {isa = PBXFileReference; lastKnownFileType = sourcecode.swift; path = Question2View.swift; sourceTree = "<group>"; };
		C84D454F2AD8557000C4A8E3 /* HomeScreenView.swift */ = {isa = PBXFileReference; lastKnownFileType = sourcecode.swift; path = HomeScreenView.swift; sourceTree = "<group>"; };
		C8E022D12AD74EBB00E1E743 /* newSwiftUIView.swift */ = {isa = PBXFileReference; lastKnownFileType = sourcecode.swift; path = newSwiftUIView.swift; sourceTree = "<group>"; };
		C8E022D32AD7B50400E1E743 /* SignUp_View.swift */ = {isa = PBXFileReference; lastKnownFileType = sourcecode.swift; path = SignUp_View.swift; sourceTree = "<group>"; };
/* End PBXFileReference section */

/* Begin PBXFrameworksBuildPhase section */
		C818BEF22AD6225B00A4D559 /* Frameworks */ = {
			isa = PBXFrameworksBuildPhase;
			buildActionMask = 2147483647;
			files = (
			);
			runOnlyForDeploymentPostprocessing = 0;
		};
/* End PBXFrameworksBuildPhase section */

/* Begin PBXGroup section */
		C818BEEC2AD6225B00A4D559 = {
			isa = PBXGroup;
			children = (
				C818BEF72AD6225B00A4D559 /* Fitness Project */,
				C818BEF62AD6225B00A4D559 /* Products */,
			);
			sourceTree = "<group>";
		};
		C818BEF62AD6225B00A4D559 /* Products */ = {
			isa = PBXGroup;
			children = (
				C818BEF52AD6225B00A4D559 /* Fitness Project.app */,
			);
			name = Products;
			sourceTree = "<group>";
		};
		C818BEF72AD6225B00A4D559 /* Fitness Project */ = {
			isa = PBXGroup;
			children = (
				C818BEF82AD6225B00A4D559 /* Fitness_ProjectApp.swift */,
				C818BEFA2AD6225B00A4D559 /* ContentView.swift */,
				C8E022D12AD74EBB00E1E743 /* newSwiftUIView.swift */,
				C8E022D32AD7B50400E1E743 /* SignUp_View.swift */,
				C84D45492AD846DD00C4A8E3 /* QuestionView.swift */,
				C84D454D2AD84DB800C4A8E3 /* Question2View.swift */,
				C84D454F2AD8557000C4A8E3 /* HomeScreenView.swift */,
				C81DD0A12AE23F8F00FFCC35 /* ViewModel.swift */,
				C81DD0A32AE2406500FFCC35 /* ExerciseDetailView.swift */,
				C80A806C2AE448C80021E2D8 /* VideoView.swift */,
				C818BEFC2AD6225C00A4D559 /* Assets.xcassets */,
				C818BEFE2AD6225C00A4D559 /* Preview Content */,
			);
			path = "Fitness Project";
			sourceTree = "<group>";
		};
		C818BEFE2AD6225C00A4D559 /* Preview Content */ = {
			isa = PBXGroup;
			children = (
				C818BEFF2AD6225C00A4D559 /* Preview Assets.xcassets */,
			);
			path = "Preview Content";
			sourceTree = "<group>";
		};
/* End PBXGroup section */

/* Begin PBXNativeTarget section */
		C818BEF42AD6225B00A4D559 /* Fitness Project */ = {
			isa = PBXNativeTarget;
			buildConfigurationList = C818BF032AD6225C00A4D559 /* Build configuration list for PBXNativeTarget "Fitness Project" */;
			buildPhases = (
				C818BEF12AD6225B00A4D559 /* Sources */,
				C818BEF22AD6225B00A4D559 /* Frameworks */,
				C818BEF32AD6225B00A4D559 /* Resources */,
			);
			buildRules = (
			);
			dependencies = (
			);
			name = "Fitness Project";
			productName = "Fitness Project";
			productReference = C818BEF52AD6225B00A4D559 /* Fitness Project.app */;
			productType = "com.apple.product-type.application";
		};
/* End PBXNativeTarget section */

/* Begin PBXProject section */
		C818BEED2AD6225B00A4D559 /* Project object */ = {
			isa = PBXProject;
			attributes = {
				BuildIndependentTargetsInParallel = 1;
				LastSwiftUpdateCheck = 1500;
				LastUpgradeCheck = 1500;
				TargetAttributes = {
					C818BEF42AD6225B00A4D559 = {
						CreatedOnToolsVersion = 15.0;
					};
				};
			};
			buildConfigurationList = C818BEF02AD6225B00A4D559 /* Build configuration list for PBXProject "Fitness Project" */;
			compatibilityVersion = "Xcode 14.0";
			developmentRegion = en;
			hasScannedForEncodings = 0;
			knownRegions = (
				en,
				Base,
			);
			mainGroup = C818BEEC2AD6225B00A4D559;
			productRefGroup = C818BEF62AD6225B00A4D559 /* Products */;
			projectDirPath = "";
			projectRoot = "";
			targets = (
				C818BEF42AD6225B00A4D559 /* Fitness Project */,
			);
		};
/* End PBXProject section */

/* Begin PBXResourcesBuildPhase section */
		C818BEF32AD6225B00A4D559 /* Resources */ = {
			isa = PBXResourcesBuildPhase;
			buildActionMask = 2147483647;
			files = (
				C818BF002AD6225C00A4D559 /* Preview Assets.xcassets in Resources */,
				C818BEFD2AD6225C00A4D559 /* Assets.xcassets in Resources */,
			);
			runOnlyForDeploymentPostprocessing = 0;
		};
/* End PBXResourcesBuildPhase section */

/* Begin PBXSourcesBuildPhase section */
		C818BEF12AD6225B00A4D559 /* Sources */ = {
			isa = PBXSourcesBuildPhase;
			buildActionMask = 2147483647;
			files = (
				C84D454A2AD846DD00C4A8E3 /* QuestionView.swift in Sources */,
				C81DD0A42AE2406500FFCC35 /* ExerciseDetailView.swift in Sources */,
				C8E022D42AD7B50400E1E743 /* SignUp_View.swift in Sources */,
				C8E022D22AD74EBB00E1E743 /* newSwiftUIView.swift in Sources */,
				C818BEFB2AD6225B00A4D559 /* ContentView.swift in Sources */,
				C818BEF92AD6225B00A4D559 /* Fitness_ProjectApp.swift in Sources */,
				C80A806D2AE448C80021E2D8 /* VideoView.swift in Sources */,
				C84D45502AD8557000C4A8E3 /* HomeScreenView.swift in Sources */,
				C81DD0A22AE23F9000FFCC35 /* ViewModel.swift in Sources */,
				C84D454E2AD84DB800C4A8E3 /* Question2View.swift in Sources */,
			);
			runOnlyForDeploymentPostprocessing = 0;
		};
/* End PBXSourcesBuildPhase section */

/* Begin XCBuildConfiguration section */
		C818BF012AD6225C00A4D559 /* Debug */ = {
			isa = XCBuildConfiguration;
			buildSettings = {
				ALWAYS_SEARCH_USER_PATHS = NO;
				ASSETCATALOG_COMPILER_GENERATE_SWIFT_ASSET_SYMBOL_EXTENSIONS = YES;
				CLANG_ANALYZER_NONNULL = YES;
				CLANG_ANALYZER_NUMBER_OBJECT_CONVERSION = YES_AGGRESSIVE;
				CLANG_CXX_LANGUAGE_STANDARD = "gnu++20";
				CLANG_ENABLE_MODULES = YES;
				CLANG_ENABLE_OBJC_ARC = YES;
				CLANG_ENABLE_OBJC_WEAK = YES;
				CLANG_WARN_BLOCK_CAPTURE_AUTORELEASING = YES;
				CLANG_WARN_BOOL_CONVERSION = YES;
				CLANG_WARN_COMMA = YES;
				CLANG_WARN_CONSTANT_CONVERSION = YES;
				CLANG_WARN_DEPRECATED_OBJC_IMPLEMENTATIONS = YES;
				CLANG_WARN_DIRECT_OBJC_ISA_USAGE = YES_ERROR;
				CLANG_WARN_DOCUMENTATION_COMMENTS = YES;
				CLANG_WARN_EMPTY_BODY = YES;
				CLANG_WARN_ENUM_CONVERSION = YES;
				CLANG_WARN_INFINITE_RECURSION = YES;
				CLANG_WARN_INT_CONVERSION = YES;
				CLANG_WARN_NON_LITERAL_NULL_CONVERSION = YES;
				CLANG_WARN_OBJC_IMPLICIT_RETAIN_SELF = YES;
				CLANG_WARN_OBJC_LITERAL_CONVERSION = YES;
				CLANG_WARN_OBJC_ROOT_CLASS = YES_ERROR;
				CLANG_WARN_QUOTED_INCLUDE_IN_FRAMEWORK_HEADER = YES;
				CLANG_WARN_RANGE_LOOP_ANALYSIS = YES;
				CLANG_WARN_STRICT_PROTOTYPES = YES;
				CLANG_WARN_SUSPICIOUS_MOVE = YES;
				CLANG_WARN_UNGUARDED_AVAILABILITY = YES_AGGRESSIVE;
				CLANG_WARN_UNREACHABLE_CODE = YES;
				CLANG_WARN__DUPLICATE_METHOD_MATCH = YES;
				COPY_PHASE_STRIP = NO;
				DEBUG_INFORMATION_FORMAT = dwarf;
				ENABLE_STRICT_OBJC_MSGSEND = YES;
				ENABLE_TESTABILITY = YES;
				ENABLE_USER_SCRIPT_SANDBOXING = YES;
				GCC_C_LANGUAGE_STANDARD = gnu17;
				GCC_DYNAMIC_NO_PIC = NO;
				GCC_NO_COMMON_BLOCKS = YES;
				GCC_OPTIMIZATION_LEVEL = 0;
				GCC_PREPROCESSOR_DEFINITIONS = (
					"DEBUG=1",
					"$(inherited)",
				);
				GCC_WARN_64_TO_32_BIT_CONVERSION = YES;
				GCC_WARN_ABOUT_RETURN_TYPE = YES_ERROR;
				GCC_WARN_UNDECLARED_SELECTOR = YES;
				GCC_WARN_UNINITIALIZED_AUTOS = YES_AGGRESSIVE;
				GCC_WARN_UNUSED_FUNCTION = YES;
				GCC_WARN_UNUSED_VARIABLE = YES;
				IPHONEOS_DEPLOYMENT_TARGET = 17.0;
				LOCALIZATION_PREFERS_STRING_CATALOGS = YES;
				MTL_ENABLE_DEBUG_INFO = INCLUDE_SOURCE;
				MTL_FAST_MATH = YES;
				ONLY_ACTIVE_ARCH = YES;
				SDKROOT = iphoneos;
				SWIFT_ACTIVE_COMPILATION_CONDITIONS = "DEBUG $(inherited)";
				SWIFT_OPTIMIZATION_LEVEL = "-Onone";
			};
			name = Debug;
		};
		C818BF022AD6225C00A4D559 /* Release */ = {
			isa = XCBuildConfiguration;
			buildSettings = {
				ALWAYS_SEARCH_USER_PATHS = NO;
				ASSETCATALOG_COMPILER_GENERATE_SWIFT_ASSET_SYMBOL_EXTENSIONS = YES;
				CLANG_ANALYZER_NONNULL = YES;
				CLANG_ANALYZER_NUMBER_OBJECT_CONVERSION = YES_AGGRESSIVE;
				CLANG_CXX_LANGUAGE_STANDARD = "gnu++20";
				CLANG_ENABLE_MODULES = YES;
				CLANG_ENABLE_OBJC_ARC = YES;
				CLANG_ENABLE_OBJC_WEAK = YES;
				CLANG_WARN_BLOCK_CAPTURE_AUTORELEASING = YES;
				CLANG_WARN_BOOL_CONVERSION = YES;
				CLANG_WARN_COMMA = YES;
				CLANG_WARN_CONSTANT_CONVERSION = YES;
				CLANG_WARN_DEPRECATED_OBJC_IMPLEMENTATIONS = YES;
				CLANG_WARN_DIRECT_OBJC_ISA_USAGE = YES_ERROR;
				CLANG_WARN_DOCUMENTATION_COMMENTS = YES;
				CLANG_WARN_EMPTY_BODY = YES;
				CLANG_WARN_ENUM_CONVERSION = YES;
				CLANG_WARN_INFINITE_RECURSION = YES;
				CLANG_WARN_INT_CONVERSION = YES;
				CLANG_WARN_NON_LITERAL_NULL_CONVERSION = YES;
				CLANG_WARN_OBJC_IMPLICIT_RETAIN_SELF = YES;
				CLANG_WARN_OBJC_LITERAL_CONVERSION = YES;
				CLANG_WARN_OBJC_ROOT_CLASS = YES_ERROR;
				CLANG_WARN_QUOTED_INCLUDE_IN_FRAMEWORK_HEADER = YES;
				CLANG_WARN_RANGE_LOOP_ANALYSIS = YES;
				CLANG_WARN_STRICT_PROTOTYPES = YES;
				CLANG_WARN_SUSPICIOUS_MOVE = YES;
				CLANG_WARN_UNGUARDED_AVAILABILITY = YES_AGGRESSIVE;
				CLANG_WARN_UNREACHABLE_CODE = YES;
				CLANG_WARN__DUPLICATE_METHOD_MATCH = YES;
				COPY_PHASE_STRIP = NO;
				DEBUG_INFORMATION_FORMAT = "dwarf-with-dsym";
				ENABLE_NS_ASSERTIONS = NO;
				ENABLE_STRICT_OBJC_MSGSEND = YES;
				ENABLE_USER_SCRIPT_SANDBOXING = YES;
				GCC_C_LANGUAGE_STANDARD = gnu17;
				GCC_NO_COMMON_BLOCKS = YES;
				GCC_WARN_64_TO_32_BIT_CONVERSION = YES;
				GCC_WARN_ABOUT_RETURN_TYPE = YES_ERROR;
				GCC_WARN_UNDECLARED_SELECTOR = YES;
				GCC_WARN_UNINITIALIZED_AUTOS = YES_AGGRESSIVE;
				GCC_WARN_UNUSED_FUNCTION = YES;
				GCC_WARN_UNUSED_VARIABLE = YES;
				IPHONEOS_DEPLOYMENT_TARGET = 17.0;
				LOCALIZATION_PREFERS_STRING_CATALOGS = YES;
				MTL_ENABLE_DEBUG_INFO = NO;
				MTL_FAST_MATH = YES;
				SDKROOT = iphoneos;
				SWIFT_COMPILATION_MODE = wholemodule;
				VALIDATE_PRODUCT = YES;
			};
			name = Release;
		};
		C818BF042AD6225C00A4D559 /* Debug */ = {
			isa = XCBuildConfiguration;
			buildSettings = {
				ASSETCATALOG_COMPILER_APPICON_NAME = AppIcon;
				ASSETCATALOG_COMPILER_GLOBAL_ACCENT_COLOR_NAME = AccentColor;
				CODE_SIGN_STYLE = Automatic;
				CURRENT_PROJECT_VERSION = 1;
				DEVELOPMENT_ASSET_PATHS = "\"Fitness Project/Preview Content\"";
				DEVELOPMENT_TEAM = 5UNGF78NWG;
				ENABLE_PREVIEWS = YES;
				GENERATE_INFOPLIST_FILE = YES;
				INFOPLIST_KEY_UIApplicationSceneManifest_Generation = YES;
				INFOPLIST_KEY_UIApplicationSupportsIndirectInputEvents = YES;
				INFOPLIST_KEY_UILaunchScreen_Generation = YES;
				INFOPLIST_KEY_UISupportedInterfaceOrientations_iPad = "UIInterfaceOrientationPortrait UIInterfaceOrientationPortraitUpsideDown UIInterfaceOrientationLandscapeLeft UIInterfaceOrientationLandscapeRight";
				INFOPLIST_KEY_UISupportedInterfaceOrientations_iPhone = "UIInterfaceOrientationPortrait UIInterfaceOrientationLandscapeLeft UIInterfaceOrientationLandscapeRight";
				LD_RUNPATH_SEARCH_PATHS = (
					"$(inherited)",
					"@executable_path/Frameworks",
				);
				MARKETING_VERSION = 1.0;
				PRODUCT_BUNDLE_IDENTIFIER = "RM.Fitness-Project";
				PRODUCT_NAME = "$(TARGET_NAME)";
				SWIFT_EMIT_LOC_STRINGS = YES;
				SWIFT_VERSION = 5.0;
				TARGETED_DEVICE_FAMILY = "1,2";
			};
			name = Debug;
		};
		C818BF052AD6225C00A4D559 /* Release */ = {
			isa = XCBuildConfiguration;
			buildSettings = {
				ASSETCATALOG_COMPILER_APPICON_NAME = AppIcon;
				ASSETCATALOG_COMPILER_GLOBAL_ACCENT_COLOR_NAME = AccentColor;
				CODE_SIGN_STYLE = Automatic;
				CURRENT_PROJECT_VERSION = 1;
				DEVELOPMENT_ASSET_PATHS = "\"Fitness Project/Preview Content\"";
				DEVELOPMENT_TEAM = 5UNGF78NWG;
				ENABLE_PREVIEWS = YES;
				GENERATE_INFOPLIST_FILE = YES;
				INFOPLIST_KEY_UIApplicationSceneManifest_Generation = YES;
				INFOPLIST_KEY_UIApplicationSupportsIndirectInputEvents = YES;
				INFOPLIST_KEY_UILaunchScreen_Generation = YES;
				INFOPLIST_KEY_UISupportedInterfaceOrientations_iPad = "UIInterfaceOrientationPortrait UIInterfaceOrientationPortraitUpsideDown UIInterfaceOrientationLandscapeLeft UIInterfaceOrientationLandscapeRight";
				INFOPLIST_KEY_UISupportedInterfaceOrientations_iPhone = "UIInterfaceOrientationPortrait UIInterfaceOrientationLandscapeLeft UIInterfaceOrientationLandscapeRight";
				LD_RUNPATH_SEARCH_PATHS = (
					"$(inherited)",
					"@executable_path/Frameworks",
				);
				MARKETING_VERSION = 1.0;
				PRODUCT_BUNDLE_IDENTIFIER = "RM.Fitness-Project";
				PRODUCT_NAME = "$(TARGET_NAME)";
				SWIFT_EMIT_LOC_STRINGS = YES;
				SWIFT_VERSION = 5.0;
				TARGETED_DEVICE_FAMILY = "1,2";
			};
			name = Release;
		};
/* End XCBuildConfiguration section */

/* Begin XCConfigurationList section */
		C818BEF02AD6225B00A4D559 /* Build configuration list for PBXProject "Fitness Project" */ = {
			isa = XCConfigurationList;
			buildConfigurations = (
				C818BF012AD6225C00A4D559 /* Debug */,
				C818BF022AD6225C00A4D559 /* Release */,
			);
			defaultConfigurationIsVisible = 0;
			defaultConfigurationName = Release;
		};
		C818BF032AD6225C00A4D559 /* Build configuration list for PBXNativeTarget "Fitness Project" */ = {
			isa = XCConfigurationList;
			buildConfigurations = (
				C818BF042AD6225C00A4D559 /* Debug */,
				C818BF052AD6225C00A4D559 /* Release */,
			);
			defaultConfigurationIsVisible = 0;
			defaultConfigurationName = Release;
		};
/* End XCConfigurationList section */
	};
	rootObject = C818BEED2AD6225B00A4D559 /* Project object */;
}
